# Generated by pub
# See https://dart.dev/tools/pub/glossary#lockfile
packages:
  animations:
    dependency: "direct main"
    description:
      name: animations
      sha256: fe8a6bdca435f718bb1dc8a11661b2c22504c6da40ef934cee8327ed77934164
      url: "https://pub.dev"
    source: hosted
    version: "2.0.7"
  ansicolor:
    dependency: transitive
    description:
      name: ansicolor
      sha256: "607f8fa9786f392043f169898923e6c59b4518242b68b8862eb8a8b7d9c30b4a"
      url: "https://pub.dev"
    source: hosted
    version: "2.0.1"
  args:
    dependency: transitive
    description:
      name: args
      sha256: b003c3098049a51720352d219b0bb5f219b60fbfb68e7a4748139a06a5676515
      url: "https://pub.dev"
    source: hosted
    version: "2.3.1"
  async:
    dependency: transitive
    description:
      name: async
      sha256: bfe67ef28df125b7dddcea62755991f807aa39a2492a23e1550161692950bbe0
      url: "https://pub.dev"
    source: hosted
    version: "2.10.0"
  audio_service:
    dependency: "direct main"
    description:
      name: audio_service
      sha256: e48b11a346b80f10f663b8b3fba73be346d4533cced12e648b75d10cf77400cb
      url: "https://pub.dev"
    source: hosted
    version: "0.18.7"
  audio_service_platform_interface:
    dependency: transitive
    description:
      name: audio_service_platform_interface
      sha256: "2c3a1d52803931e836b9693547a71c0c3585ad54219d2214219ed5cfcc3c1af4"
      url: "https://pub.dev"
    source: hosted
    version: "0.1.0"
  audio_service_web:
    dependency: transitive
    description:
      name: audio_service_web
      sha256: "523e64ddc914c714d53eec2da85bba1074f08cf26c786d4efb322de510815ea7"
      url: "https://pub.dev"
    source: hosted
    version: "0.1.1"
  audio_session:
    dependency: transitive
    description:
      name: audio_session
      sha256: f952f7a98640ba1d07520465a1cdaed6df0994390ac6fa73920d1741207147b8
      url: "https://pub.dev"
    source: hosted
    version: "0.1.10"
  auto_size_text:
    dependency: "direct main"
    description:
      name: auto_size_text
      sha256: "3f5261cd3fb5f2a9ab4e2fc3fba84fd9fcaac8821f20a1d4e71f557521b22599"
      url: "https://pub.dev"
    source: hosted
    version: "3.0.0"
  awesome_notifications:
    dependency: "direct main"
    description:
      name: awesome_notifications
      sha256: "2b430c75cc879d6cfd52bb6eb2b5c1591ed425347816408cdcbd3f6916bba14c"
      url: "https://pub.dev"
    source: hosted
    version: "0.7.4+1"
  characters:
    dependency: transitive
    description:
      name: characters
      sha256: e6a326c8af69605aec75ed6c187d06b349707a27fbff8222ca9cc2cff167975c
      url: "https://pub.dev"
    source: hosted
    version: "1.2.1"
  clock:
    dependency: transitive
    description:
      name: clock
      sha256: cb6d7f03e1de671e34607e909a7213e31d7752be4fb66a86d29fe1eb14bfb5cf
      url: "https://pub.dev"
    source: hosted
    version: "1.1.1"
  collection:
    dependency: "direct main"
    description:
      name: collection
      sha256: cfc915e6923fe5ce6e153b0723c753045de46de1b4d63771530504004a45fae0
      url: "https://pub.dev"
    source: hosted
    version: "1.17.0"
  cross_file:
    dependency: transitive
    description:
      name: cross_file
      sha256: f71079978789bc2fe78d79227f1f8cfe195b31bbd8db2399b0d15a4b96fb843b
      url: "https://pub.dev"
    source: hosted
    version: "0.3.3+2"
  crypto:
    dependency: transitive
    description:
      name: crypto
      sha256: aa274aa7774f8964e4f4f38cc994db7b6158dd36e9187aaceaddc994b35c6c67
      url: "https://pub.dev"
    source: hosted
    version: "3.0.2"
  dart_discord_rpc:
    dependency: "direct main"
    description:
      path: "."
      ref: "48a15a750d9ee50c521a408c466bd681321a38e2"
      resolved-ref: "48a15a750d9ee50c521a408c466bd681321a38e2"
      url: "https://github.com/alexmercerind/dart_discord_rpc.git"
    source: git
    version: "0.0.1"
  dbus:
    dependency: transitive
    description:
      name: dbus
      sha256: "6f07cba3f7b3448d42d015bfd3d53fe12e5b36da2423f23838efc1d5fb31a263"
      url: "https://pub.dev"
    source: hosted
    version: "0.7.8"
  desktop:
    dependency: "direct main"
    description:
      path: desktop
      ref: a087d1ed4afeb61edd00e06842fa62c090f30ff5
      resolved-ref: a087d1ed4afeb61edd00e06842fa62c090f30ff5
      url: "https://github.com/alexmercerind/desktop.git"
    source: git
    version: "3.0.1"
  draggable_scrollbar:
    dependency: "direct main"
    description:
      name: draggable_scrollbar
      sha256: a906e27fc1ee056e2942d66989dd0cb5b70a361e7d44af566cfa1b584054eac3
      url: "https://pub.dev"
    source: hosted
    version: "0.1.0"
  extended_image:
    dependency: "direct main"
    description:
      name: extended_image
      sha256: "6c729ac4c544575dfcc25b0112d0d11f1e53b2ffdd715749fc78d3b7af30ddb3"
      url: "https://pub.dev"
    source: hosted
    version: "6.3.1"
  extended_image_library:
    dependency: transitive
    description:
      name: extended_image_library
      sha256: "7d0ef868ede1d869cbda9f3e9172c78db14b75fd7f4eed44c9b09e096d17f2f6"
      url: "https://pub.dev"
    source: hosted
    version: "3.4.0"
  ffi:
    dependency: "direct main"
    description:
      name: ffi
      sha256: "4842f817e11428513b7e88537318e48caac7d1bbf6035cdfca64b5017a6d5d8c"
      url: "https://pub.dev"
    source: hosted
    version: "1.1.0"
  file:
    dependency: transitive
    description:
      name: file
      sha256: "1b92bec4fc2a72f59a8e15af5f52cd441e4a7860b49499d69dfa817af20e925d"
      url: "https://pub.dev"
    source: hosted
    version: "6.1.4"
  file_picker:
    dependency: "direct main"
    description:
      name: file_picker
      sha256: c24465c112b1a31a37ac450afc2e1f927b7c11599beab93233d7ffb449373fe3
      url: "https://pub.dev"
    source: hosted
    version: "5.2.2"
  file_selector:
    dependency: "direct main"
    description:
      name: file_selector
      sha256: fb48ddfc0d11379532f3f87fdf7df2cc3a4c6a8ba9ba2bd27440bae0c4dd7aa3
      url: "https://pub.dev"
    source: hosted
    version: "0.8.2+1"
  file_selector_linux:
    dependency: "direct main"
    description:
      path: "plugins/file_selector/file_selector_linux"
      ref: "4bc2c310e8acf3740ea0c2b326b3ef71280391f8"
      resolved-ref: "4bc2c310e8acf3740ea0c2b326b3ef71280391f8"
      url: "https://github.com/google/flutter-desktop-embedding.git"
    source: git
    version: "0.0.2+1"
  file_selector_platform_interface:
    dependency: transitive
    description:
      name: file_selector_platform_interface
      sha256: "432c4c729de319cc924eb2ac25f8f7216ca70bbbcb054aa14abe26a018453cc4"
      url: "https://pub.dev"
    source: hosted
    version: "2.3.0"
  file_selector_web:
    dependency: transitive
    description:
      name: file_selector_web
      sha256: bf166d08f4c3f79286774cdfa39ed301e076c5a903c435f5199818288f24a66d
      url: "https://pub.dev"
    source: hosted
    version: "0.8.1+5"
  filepicker_windows:
    dependency: "direct main"
    description:
      path: "."
      ref: master
      resolved-ref: aab8c3ecde99de1d94f1dccfce26dc9f4389d9df
      url: "https://github.com/alexmercerind/filepicker_windows.git"
    source: git
    version: "2.0.2"
  fluentui_system_icons:
    dependency: "direct main"
    description:
      name: fluentui_system_icons
      sha256: "70c1b69be352dd030bf017dfd1472fc89c80b5e45fa218c09c9d2c5a09350c18"
      url: "https://pub.dev"
    source: hosted
    version: "1.1.185"
  flutter:
    dependency: "direct main"
    description: flutter
    source: sdk
    version: "0.0.0"
  flutter_cache_manager:
    dependency: transitive
    description:
      name: flutter_cache_manager
      sha256: "32cd900555219333326a2d0653aaaf8671264c29befa65bbd9856d204a4c9fb3"
      url: "https://pub.dev"
    source: hosted
    version: "3.3.0"
  flutter_lyric:
    dependency: "direct main"
    description:
      path: "."
      ref: master
      resolved-ref: e3e8bf88c843c1e4f4ab19aaeb1c66bb6fd1f34c
      url: "https://github.com/alexmercerind/flutter_lyric.git"
    source: git
    version: "2.0.4"
  flutter_platform_alert:
    dependency: "direct main"
    description:
      path: "."
      ref: b174a505c6c2c00bad973c2fc285e80d6a85cb7d
      resolved-ref: b174a505c6c2c00bad973c2fc285e80d6a85cb7d
      url: "https://github.com/alexmercerind/flutter_platform_alert.git"
    source: git
    version: "0.2.8"
  flutter_plugin_android_lifecycle:
    dependency: transitive
    description:
      name: flutter_plugin_android_lifecycle
      sha256: "60fc7b78455b94e6de2333d2f95196d32cf5c22f4b0b0520a628804cb463503b"
      url: "https://pub.dev"
    source: hosted
    version: "2.0.7"
  flutter_speed_dial:
    dependency: "direct main"
    description:
      name: flutter_speed_dial
      sha256: "41d7ad0bc224248637b3a5e0b9083e912a75445bdb450cf82b8ed06d7af7c61d"
      url: "https://pub.dev"
    source: hosted
    version: "6.2.0"
  flutter_svg:
    dependency: "direct main"
    description:
      name: flutter_svg
      sha256: "6ff9fa12892ae074092de2fa6a9938fb21dbabfdaa2ff57dc697ff912fc8d4b2"
      url: "https://pub.dev"
    source: hosted
    version: "1.1.6"
  flutter_web_plugins:
    dependency: transitive
    description: flutter
    source: sdk
    version: "0.0.0"
  harmonoid_visual_assets:
    dependency: "direct main"
    description:
      path: "external/harmonoid_visual_assets"
      relative: true
    source: path
    version: "1.0.0"
  hotkey_manager:
    dependency: "direct main"
    description:
      path: "."
      ref: main
      resolved-ref: bab9d3c47176be01c19f6947dd57afbf78eb8d28
      url: "https://github.com/alexmercerind/hotkey_manager.git"
    source: git
    version: "0.1.2"
  http:
    dependency: "direct main"
    description:
      name: http
      sha256: "6aa2946395183537c8b880962d935877325d6a09a2867c3970c05c0fed6ac482"
      url: "https://pub.dev"
    source: hosted
    version: "0.13.5"
  http_client_helper:
    dependency: transitive
    description:
      name: http_client_helper
      sha256: "1f32359bd07a064ad256d1f84ae5f973f69bc972e7287223fa198abe1d969c28"
      url: "https://pub.dev"
    source: hosted
    version: "2.0.3"
  http_parser:
    dependency: transitive
    description:
      name: http_parser
      sha256: "2aa08ce0341cc9b354a498388e30986515406668dbcc4f7c950c3e715496693b"
      url: "https://pub.dev"
    source: hosted
    version: "4.0.2"
  infinite_scroll_pagination:
    dependency: "direct main"
    description:
      name: infinite_scroll_pagination
      sha256: "9517328f4e373f08f57dbb11c5aac5b05554142024d6b60c903f3b73476d52db"
      url: "https://pub.dev"
    source: hosted
    version: "3.2.0"
  injector:
    dependency: transitive
    description:
      name: injector
      sha256: "2a683124c716e93b45521794f55bfe770e069cb3d871fc4fbc65b5acef78e832"
      url: "https://pub.dev"
    source: hosted
    version: "2.0.0"
  intl:
    dependency: transitive
    description:
      name: intl
      sha256: "910f85bce16fb5c6f614e117efa303e85a1731bb0081edf3604a2ae6e9a3cc91"
      url: "https://pub.dev"
    source: hosted
    version: "0.17.0"
  js:
    dependency: transitive
    description:
      name: js
      sha256: "5528c2f391ededb7775ec1daa69e65a2d61276f7552de2b5f7b8d34ee9fd4ab7"
      url: "https://pub.dev"
    source: hosted
    version: "0.6.5"
  just_audio:
    dependency: "direct main"
    description:
      name: just_audio
      sha256: ec0bdd51762454542882ec06b3015170d51b37ae074706569e30d3554133bd4c
      url: "https://pub.dev"
    source: hosted
    version: "0.9.30"
  just_audio_platform_interface:
    dependency: transitive
    description:
      name: just_audio_platform_interface
      sha256: eff112d5138bea3ba544b6338b1e0537a32b5e1425e4d0dc38f732771cda7c84
      url: "https://pub.dev"
    source: hosted
    version: "4.2.0"
  just_audio_web:
    dependency: transitive
    description:
      name: just_audio_web
      sha256: "89d8db6f19f3821bb6bf908c4bfb846079afb2ab575b783d781a6bf119e3abaf"
      url: "https://pub.dev"
    source: hosted
    version: "0.4.7"
  known_extents_list_view_builder:
    dependency: "direct main"
    description:
      path: "."
      ref: HEAD
      resolved-ref: "078c6411768e1567c547abf3330d0857489a8792"
      url: "https://github.com/alexmercerind/known_extents_list_view_builder.git"
    source: git
    version: "1.1.0"
  lints:
    dependency: "direct dev"
    description:
      name: lints
      sha256: "5e4a9cd06d447758280a8ac2405101e0e2094d2a1dbdd3756aec3fe7775ba593"
      url: "https://pub.dev"
    source: hosted
    version: "2.0.1"
  lrc:
    dependency: "direct main"
    description:
      name: lrc
      sha256: "3c51f878caf3934e9038fdfb3bddfefb8dcc566dd82c7e82d995b815d589129c"
      url: "https://pub.dev"
    source: hosted
    version: "1.0.1"
  material_color_utilities:
    dependency: transitive
    description:
      name: material_color_utilities
      sha256: d92141dc6fe1dad30722f9aa826c7fbc896d021d792f80678280601aff8cf724
      url: "https://pub.dev"
    source: hosted
    version: "0.2.0"
  material_floating_search_bar:
    dependency: "direct main"
    description:
      name: material_floating_search_bar
      sha256: "970df4bc17a1ae7cacc745012fba442701daa44224e46bc0fd459e3aff0d5362"
      url: "https://pub.dev"
    source: hosted
    version: "0.3.7"
  media_engine:
    dependency: "direct main"
    description:
      path: "external/media_engine"
      relative: true
    source: path
    version: "0.0.1"
  media_library:
    dependency: "direct main"
    description:
      path: "external/media_library"
      relative: true
    source: path
    version: "1.0.0"
  meta:
    dependency: transitive
    description:
      name: meta
      sha256: "6c268b42ed578a53088d834796959e4a1814b5e9e164f147f580a386e5decf42"
      url: "https://pub.dev"
    source: hosted
    version: "1.8.0"
  mime:
    dependency: transitive
    description:
      name: mime
      sha256: dab22e92b41aa1255ea90ddc4bc2feaf35544fd0728e209638cad041a6e3928a
      url: "https://pub.dev"
    source: hosted
    version: "1.0.2"
  mpris_service:
    dependency: "direct main"
    description:
      path: "external/mpris_service.dart"
      relative: true
    source: path
    version: "1.0.0"
  msix:
    dependency: "direct dev"
    description:
      path: "."
      ref: a2c15a8662dd346b2738ea89538179f532d4f437
      resolved-ref: a2c15a8662dd346b2738ea89538179f532d4f437
      url: "https://github.com/alexmercerind/msix.git"
    source: git
    version: "2.1.2"
  nested:
    dependency: transitive
    description:
      name: nested
      sha256: "03bac4c528c64c95c722ec99280375a6f2fc708eec17c7b3f07253b626cd2a20"
      url: "https://pub.dev"
    source: hosted
    version: "1.0.0"
  package_config:
    dependency: transitive
    description:
      name: package_config
      sha256: "1c5b77ccc91e4823a5af61ee74e6b972db1ef98c2ff5a18d3161c982a55448bd"
      url: "https://pub.dev"
    source: hosted
    version: "2.1.0"
  path:
    dependency: "direct main"
    description:
      name: path
      sha256: db9d4f58c908a4ba5953fcee2ae317c94889433e5024c27ce74a37f94267945b
      url: "https://pub.dev"
    source: hosted
    version: "1.8.2"
  path_drawing:
    dependency: transitive
    description:
      name: path_drawing
      sha256: bbb1934c0cbb03091af082a6389ca2080345291ef07a5fa6d6e078ba8682f977
      url: "https://pub.dev"
    source: hosted
    version: "1.0.1"
  path_parsing:
    dependency: transitive
    description:
      name: path_parsing
      sha256: e3e67b1629e6f7e8100b367d3db6ba6af4b1f0bb80f64db18ef1fbabd2fa9ccf
      url: "https://pub.dev"
    source: hosted
    version: "1.0.1"
  path_provider:
    dependency: transitive
    description:
      name: path_provider
      sha256: "050e8e85e4b7fecdf2bb3682c1c64c4887a183720c802d323de8a5fd76d372dd"
      url: "https://pub.dev"
    source: hosted
    version: "2.0.11"
  path_provider_android:
    dependency: transitive
    description:
      name: path_provider_android
      sha256: "1dab723dd8feeb80afb39c7be894f09df1457243d930010f6f328fb8c660c5e1"
      url: "https://pub.dev"
    source: hosted
    version: "2.0.21"
  path_provider_ios:
    dependency: transitive
    description:
      name: path_provider_ios
      sha256: "03d639406f5343478352433f00d3c4394d52dac8df3d847869c5e2333e0bbce8"
      url: "https://pub.dev"
    source: hosted
    version: "2.0.11"
  path_provider_linux:
    dependency: transitive
    description:
      name: path_provider_linux
      sha256: ab0987bf95bc591da42dffb38c77398fc43309f0b9b894dcc5d6f40c4b26c379
      url: "https://pub.dev"
    source: hosted
    version: "2.1.7"
  path_provider_macos:
    dependency: transitive
    description:
      name: path_provider_macos
      sha256: "2a97e7fbb7ae9dcd0dfc1220a78e9ec3e71da691912e617e8715ff2a13086ae8"
      url: "https://pub.dev"
    source: hosted
    version: "2.0.6"
  path_provider_platform_interface:
    dependency: transitive
    description:
      name: path_provider_platform_interface
      sha256: f0abc8ebd7253741f05488b4813d936b4d07c6bae3e86148a09e342ee4b08e76
      url: "https://pub.dev"
    source: hosted
    version: "2.0.5"
  path_provider_windows:
    dependency: transitive
    description:
      name: path_provider_windows
      sha256: bcabbe399d4042b8ee687e17548d5d3f527255253b4a639f5f8d2094a9c2b45c
      url: "https://pub.dev"
    source: hosted
    version: "2.1.3"
  pedantic:
    dependency: transitive
    description:
      name: pedantic
      sha256: "67fc27ed9639506c856c840ccce7594d0bdcd91bc8d53d6e52359449a1d50602"
      url: "https://pub.dev"
    source: hosted
    version: "1.11.1"
  permission_handler:
    dependency: "direct main"
    description:
      path: permission_handler
      ref: "6120686e5f744e2934ca5f45deeca28df3227f5d"
      resolved-ref: "6120686e5f744e2934ca5f45deeca28df3227f5d"
      url: "https://github.com/alexmercerind/flutter-permission-handler.git"
    source: git
    version: "10.1.0"
  permission_handler_android:
    dependency: "direct overridden"
    description:
      path: permission_handler_android
      ref: "6120686e5f744e2934ca5f45deeca28df3227f5d"
      resolved-ref: "6120686e5f744e2934ca5f45deeca28df3227f5d"
      url: "https://github.com/alexmercerind/flutter-permission-handler.git"
    source: git
    version: "10.1.0"
  permission_handler_apple:
    dependency: transitive
    description:
      name: permission_handler_apple
      sha256: "9c370ef6a18b1c4b2f7f35944d644a56aa23576f23abee654cf73968de93f163"
      url: "https://pub.dev"
    source: hosted
    version: "9.0.7"
  permission_handler_platform_interface:
    dependency: "direct overridden"
    description:
      path: permission_handler_platform_interface
      ref: "6120686e5f744e2934ca5f45deeca28df3227f5d"
      resolved-ref: "6120686e5f744e2934ca5f45deeca28df3227f5d"
      url: "https://github.com/alexmercerind/flutter-permission-handler.git"
    source: git
    version: "3.8.0"
  petitparser:
    dependency: transitive
    description:
      name: petitparser
      sha256: "49392a45ced973e8d94a85fdb21293fbb40ba805fc49f2965101ae748a3683b4"
      url: "https://pub.dev"
    source: hosted
    version: "5.1.0"
  platform:
    dependency: "direct overridden"
    description:
      name: platform
      sha256: "4a451831508d7d6ca779f7ac6e212b4023dd5a7d08a27a63da33756410e32b76"
      url: "https://pub.dev"
    source: hosted
    version: "3.1.0"
  plugin_platform_interface:
    dependency: transitive
    description:
      name: plugin_platform_interface
      sha256: dbf0f707c78beedc9200146ad3cb0ab4d5da13c246336987be6940f026500d3a
      url: "https://pub.dev"
    source: hosted
    version: "2.1.3"
  process:
    dependency: transitive
    description:
      name: process
      sha256: "53fd8db9cec1d37b0574e12f07520d582019cb6c44abf5479a01505099a34a09"
      url: "https://pub.dev"
    source: hosted
    version: "4.2.4"
  provider:
    dependency: "direct main"
    description:
      name: provider
      sha256: e1e7413d70444ea3096815a60fe5da1b11bda8a9dc4769252cc82c53536f8bcc
      url: "https://pub.dev"
    source: hosted
    version: "6.0.4"
  readmore:
    dependency: "direct main"
    description:
      name: readmore
      sha256: "99c2483202f7c7e98c50834d72be2b119aefecf4497ca1960ae9d5f418eb1481"
      url: "https://pub.dev"
    source: hosted
    version: "2.2.0"
  rxdart:
    dependency: transitive
    description:
      name: rxdart
      sha256: "5d22055fd443806c03ef24a02000637cf51eae49c2a0168d38a43fc166b0209c"
      url: "https://pub.dev"
    source: hosted
    version: "0.27.5"
  safe_local_storage:
    dependency: "direct main"
    description:
      path: "external/safe_local_storage"
      relative: true
    source: path
    version: "0.0.1"
  share_plus:
    dependency: "direct main"
    description:
      name: share_plus
      sha256: efb7a8c75cb58c2bc39eacb7796c793fd0281a87e60660bb5530f1c93d29a233
      url: "https://pub.dev"
    source: hosted
    version: "2.2.0"
  share_plus_linux:
    dependency: transitive
    description:
      name: share_plus_linux
      sha256: c217d158bb0f2374dd8cf655160be13f8ace4d2555804cb2932a68141a315456
      url: "https://pub.dev"
    source: hosted
    version: "2.0.4"
  share_plus_macos:
    dependency: transitive
    description:
      name: share_plus_macos
      sha256: "3f12572a41dc59116559c8759a31d3a34b8350ffebefc516206f8c128e114658"
      url: "https://pub.dev"
    source: hosted
    version: "2.1.0"
  share_plus_platform_interface:
    dependency: transitive
    description:
      name: share_plus_platform_interface
      sha256: a15bc981f3169a95a5c8b6c2646cfb31cf8452ecf86cb491da1a61a7cee5cec5
      url: "https://pub.dev"
    source: hosted
    version: "2.1.0"
  share_plus_web:
    dependency: transitive
    description:
      name: share_plus_web
      sha256: b121451985255d61cfd30079fcfb25fd9c8a8e0222d25a7994e78175610f4357
      url: "https://pub.dev"
    source: hosted
    version: "2.0.4"
  share_plus_windows:
    dependency: transitive
    description:
      name: share_plus_windows
      sha256: "42cdcbc99652eceae5257eed9b06a26566d36ffc0238026ab71cb34102e05ae3"
      url: "https://pub.dev"
    source: hosted
    version: "2.0.3"
  sky_engine:
    dependency: transitive
    description: flutter
    source: sdk
    version: "0.0.99"
  sliver_tools:
    dependency: transitive
    description:
      name: sliver_tools
      sha256: edf005f1a47c2ffa6f1e1a4f24dd99c45b8bccfff9b928d39170d36dc6fda871
      url: "https://pub.dev"
    source: hosted
    version: "0.2.8"
  source_span:
    dependency: transitive
    description:
      name: source_span
      sha256: dd904f795d4b4f3b870833847c461801f6750a9fa8e61ea5ac53f9422b31f250
      url: "https://pub.dev"
    source: hosted
    version: "1.9.1"
  sqflite:
    dependency: transitive
    description:
      name: sqflite
      sha256: d21c022832f139b89922738e200c07387a49c549bf36c35654418e19ff76d161
      url: "https://pub.dev"
    source: hosted
    version: "2.2.0+3"
  sqflite_common:
    dependency: transitive
    description:
      name: sqflite_common
      sha256: "0c21a187d645aa65da5be6997c0c713eed61e049158870ae2de157e6897067ab"
      url: "https://pub.dev"
    source: hosted
    version: "2.4.0+2"
  string_scanner:
    dependency: transitive
    description:
      name: string_scanner
      sha256: "556692adab6cfa87322a115640c11f13cb77b3f076ddcc5d6ae3c20242bedcde"
      url: "https://pub.dev"
    source: hosted
    version: "1.2.0"
  substring_highlight:
    dependency: "direct main"
    description:
      name: substring_highlight
      sha256: "96c61e8316098831f6bee87d2386617e4be6aaf87fbc89402dc049d371b67efb"
      url: "https://pub.dev"
    source: hosted
    version: "1.0.33"
  synchronized:
    dependency: "direct main"
    description:
      name: synchronized
      sha256: "7b530acd9cb7c71b0019a1e7fa22c4105e675557a4400b6a401c71c5e0ade1ac"
      url: "https://pub.dev"
    source: hosted
    version: "3.0.0+3"
  system_media_transport_controls:
    dependency: "direct main"
    description:
      path: "external/smtc-win32/bindings/system_media_transport_controls.dart"
      relative: true
    source: path
    version: "0.0.1"
  term_glyph:
    dependency: transitive
    description:
      name: term_glyph
      sha256: a29248a84fbb7c79282b40b8c72a1209db169a2e0542bce341da992fe1bc7e84
      url: "https://pub.dev"
    source: hosted
    version: "1.2.1"
  typed_data:
    dependency: transitive
    description:
      name: typed_data
      sha256: "26f87ade979c47a150c9eaab93ccd2bebe70a27dc0b4b29517f2904f04eb11a5"
      url: "https://pub.dev"
    source: hosted
    version: "1.3.1"
  uri_parser:
    dependency: "direct main"
    description:
      path: "external/uri_parser"
      relative: true
    source: path
    version: "1.0.0"
  url_launcher:
    dependency: "direct main"
    description:
      name: url_launcher
      sha256: "568176fc8ab5ac1d88ff0db8ff28659d103851670dda55e83b485664c2309299"
      url: "https://pub.dev"
    source: hosted
    version: "6.1.6"
  url_launcher_android:
    dependency: transitive
    description:
      name: url_launcher_android
      sha256: "2514dc16ac169adf55159268d7bf70317d9f2fc9ef5bb02020bb7ad710c0aeb4"
      url: "https://pub.dev"
    source: hosted
    version: "6.0.21"
  url_launcher_ios:
    dependency: transitive
    description:
      name: url_launcher_ios
      sha256: "6ba7dddee26c9fae27c9203c424631109d73c8fa26cfa7bc3e35e751cb87f62e"
      url: "https://pub.dev"
    source: hosted
    version: "6.0.17"
  url_launcher_linux:
    dependency: transitive
    description:
      name: url_launcher_linux
      sha256: "360fa359ab06bcb4f7c5cd3123a2a9a4d3364d4575d27c4b33468bd4497dd094"
      url: "https://pub.dev"
    source: hosted
    version: "3.0.1"
  url_launcher_macos:
    dependency: transitive
    description:
      name: url_launcher_macos
      sha256: a9b3ea9043eabfaadfa3fb89de67a11210d85569086d22b3854484beab8b3978
      url: "https://pub.dev"
    source: hosted
    version: "3.0.1"
  url_launcher_platform_interface:
    dependency: transitive
    description:
      name: url_launcher_platform_interface
      sha256: "4eae912628763eb48fc214522e58e942fd16ce195407dbf45638239523c759a6"
      url: "https://pub.dev"
    source: hosted
    version: "2.1.1"
  url_launcher_web:
    dependency: transitive
    description:
      name: url_launcher_web
      sha256: "5669882643b96bb6d5786637cac727c6e918a790053b09245fd4513b8a07df2a"
      url: "https://pub.dev"
    source: hosted
    version: "2.0.13"
  url_launcher_windows:
    dependency: transitive
    description:
      name: url_launcher_windows
      sha256: e3c3b16d3104260c10eea3b0e34272aaa57921f83148b0619f74c2eced9b7ef1
      url: "https://pub.dev"
    source: hosted
    version: "3.0.1"
  uuid:
    dependency: "direct main"
    description:
      name: uuid
      sha256: "2469694ad079893e3b434a627970c33f2fa5adc46dfe03c9617546969a9a8afc"
      url: "https://pub.dev"
    source: hosted
    version: "3.0.6"
  vector_math:
    dependency: transitive
    description:
      name: vector_math
      sha256: "80b3257d1492ce4d091729e3a67a60407d227c27241d6927be0130c98e741803"
      url: "https://pub.dev"
    source: hosted
    version: "2.1.4"
  win32:
    dependency: "direct main"
    description:
      name: win32
      sha256: d13ac5deea7327f027b3b97ee19ee210f68256ecf3f1a304bcfb992ee947637c
      url: "https://pub.dev"
    source: hosted
    version: "3.1.1"
  window_plus:
    dependency: "direct main"
    description:
      path: "external/window_plus"
      relative: true
    source: path
    version: "0.0.1"
  windows_taskbar:
    dependency: "direct main"
    description:
      path: "."
      ref: master
      resolved-ref: "61ba88884caf85413dda646f12506c452a98bea8"
      url: "https://github.com/alexmercerind/windows_taskbar.git"
    source: git
    version: "1.1.0+1"
  xdg_directories:
    dependency: transitive
    description:
      name: xdg_directories
      sha256: "11541eedefbcaec9de35aa82650b695297ce668662bbd6e3911a7fabdbde589f"
      url: "https://pub.dev"
    source: hosted
    version: "0.2.0+2"
  xml:
    dependency: transitive
    description:
      name: xml
      sha256: "0be2cc68212206ab22f700a706782f79a303fb7d4b51279ac394bcc5545f273f"
      url: "https://pub.dev"
    source: hosted
    version: "6.2.1"
  yaml:
    dependency: transitive
    description:
      name: yaml
      sha256: "23812a9b125b48d4007117254bca50abb6c712352927eece9e155207b1db2370"
      url: "https://pub.dev"
    source: hosted
    version: "3.1.1"
  ytm_client:
    dependency: "direct main"
    description:
      path: "external/ytm_client.dart"
      relative: true
    source: path
    version: "0.0.1"
sdks:
  dart: ">=2.18.0 <4.0.0"
  flutter: ">=3.3.0"
