# Generated by pub
# See https://dart.dev/tools/pub/glossary#lockfile
packages:
  animations:
    dependency: "direct main"
    description:
      name: animations
      url: "https://pub.dartlang.org"
    source: hosted
    version: "2.0.2"
  ansicolor:
    dependency: transitive
    description:
      name: ansicolor
      url: "https://pub.dartlang.org"
    source: hosted
    version: "2.0.1"
  args:
    dependency: transitive
    description:
      name: args
      url: "https://pub.dartlang.org"
    source: hosted
    version: "2.3.0"
  async:
    dependency: transitive
    description:
      name: async
      url: "https://pub.dartlang.org"
    source: hosted
    version: "2.8.2"
  audio_service:
    dependency: "direct main"
    description:
      name: audio_service
      url: "https://pub.dartlang.org"
    source: hosted
    version: "0.18.7"
  audio_service_platform_interface:
    dependency: transitive
    description:
      name: audio_service_platform_interface
      url: "https://pub.dartlang.org"
    source: hosted
    version: "0.1.0"
  audio_service_web:
    dependency: transitive
    description:
      name: audio_service_web
      url: "https://pub.dartlang.org"
    source: hosted
    version: "0.1.1"
  audio_session:
    dependency: transitive
    description:
      name: audio_session
      url: "https://pub.dartlang.org"
    source: hosted
    version: "0.1.10"
  auto_size_text:
    dependency: "direct main"
    description:
      name: auto_size_text
      url: "https://pub.dartlang.org"
    source: hosted
    version: "3.0.0"
  awesome_notifications:
    dependency: "direct main"
    description:
      name: awesome_notifications
      url: "https://pub.dartlang.org"
    source: hosted
    version: "0.7.0-beta.5"
  bitsdojo_window:
    dependency: "direct main"
    description:
      path: bitsdojo_window
      ref: e0f7c46e94a75aea957574148459879a83fa3bbb
      resolved-ref: e0f7c46e94a75aea957574148459879a83fa3bbb
      url: "https://github.com/alexmercerind/bitsdojo_window.git"
    source: git
    version: "0.1.1+1"
  bitsdojo_window_linux:
    dependency: "direct overridden"
    description:
      path: bitsdojo_window_linux
      ref: e0f7c46e94a75aea957574148459879a83fa3bbb
      resolved-ref: e0f7c46e94a75aea957574148459879a83fa3bbb
      url: "https://github.com/alexmercerind/bitsdojo_window.git"
    source: git
    version: "0.1.1"
  bitsdojo_window_macos:
    dependency: "direct overridden"
    description:
      path: bitsdojo_window_macos
      ref: e0f7c46e94a75aea957574148459879a83fa3bbb
      resolved-ref: e0f7c46e94a75aea957574148459879a83fa3bbb
      url: "https://github.com/alexmercerind/bitsdojo_window.git"
    source: git
    version: "0.1.0"
  bitsdojo_window_platform_interface:
    dependency: transitive
    description:
      name: bitsdojo_window_platform_interface
      url: "https://pub.dartlang.org"
    source: hosted
    version: "0.1.0"
  bitsdojo_window_windows:
    dependency: "direct overridden"
    description:
      path: bitsdojo_window_windows
      ref: e0f7c46e94a75aea957574148459879a83fa3bbb
      resolved-ref: e0f7c46e94a75aea957574148459879a83fa3bbb
      url: "https://github.com/alexmercerind/bitsdojo_window.git"
    source: git
    version: "0.1.0"
  characters:
    dependency: transitive
    description:
      name: characters
      url: "https://pub.dartlang.org"
    source: hosted
    version: "1.2.1"
  charcode:
    dependency: transitive
    description:
      name: charcode
      url: "https://pub.dartlang.org"
    source: hosted
    version: "1.3.1"
  cli_util:
    dependency: transitive
    description:
      name: cli_util
      url: "https://pub.dartlang.org"
    source: hosted
    version: "0.3.5"
  clock:
    dependency: transitive
    description:
      name: clock
      url: "https://pub.dartlang.org"
    source: hosted
    version: "1.1.1"
  collection:
    dependency: "direct main"
    description:
      name: collection
      url: "https://pub.dartlang.org"
    source: hosted
    version: "1.16.0"
  cross_file:
    dependency: transitive
    description:
      name: cross_file
      url: "https://pub.dartlang.org"
    source: hosted
    version: "0.3.2"
  crypto:
    dependency: transitive
    description:
      name: crypto
      url: "https://pub.dartlang.org"
    source: hosted
    version: "3.0.1"
  dart_discord_rpc:
    dependency: "direct main"
    description:
      path: "."
      ref: harmonoid
      resolved-ref: "799fc11be7a75c9ab30f5b0f7ce8ca7f7e580282"
      url: "https://github.com/alexmercerind/dart_discord_rpc.git"
    source: git
    version: "0.0.1"
  dbus:
    dependency: transitive
    description:
      name: dbus
      url: "https://pub.dartlang.org"
    source: hosted
    version: "0.7.1"
  desktop:
    dependency: "direct main"
    description:
      path: desktop
      ref: "88e9a3931c84ca821d1acad0289882f5510aafdb"
      resolved-ref: "88e9a3931c84ca821d1acad0289882f5510aafdb"
      url: "https://github.com/alexmercerind/desktop.git"
    source: git
    version: "3.0.1"
  draggable_scrollbar:
    dependency: "direct main"
    description:
      name: draggable_scrollbar
      url: "https://pub.dartlang.org"
    source: hosted
    version: "0.1.0"
  extended_image:
    dependency: "direct main"
    description:
      name: extended_image
      url: "https://pub.dartlang.org"
    source: hosted
    version: "6.2.0"
  extended_image_library:
    dependency: transitive
    description:
      name: extended_image_library
      url: "https://pub.dartlang.org"
    source: hosted
    version: "3.3.0"
  ffi:
    dependency: transitive
    description:
      name: ffi
      url: "https://pub.dartlang.org"
    source: hosted
    version: "1.1.2"
  ffigen:
    dependency: transitive
    description:
      name: ffigen
      url: "https://pub.dartlang.org"
    source: hosted
    version: "4.1.3"
  file:
    dependency: transitive
    description:
      name: file
      url: "https://pub.dartlang.org"
    source: hosted
    version: "6.1.2"
  file_picker:
    dependency: "direct main"
    description:
      name: file_picker
      url: "https://pub.dartlang.org"
    source: hosted
    version: "3.0.4"
  file_selector:
    dependency: "direct main"
    description:
      name: file_selector
      url: "https://pub.dartlang.org"
    source: hosted
    version: "0.8.2+1"
  file_selector_linux:
    dependency: "direct main"
    description:
      path: "plugins/file_selector/file_selector_linux"
      ref: HEAD
      resolved-ref: "89c350f787e1d7bff12b3517e5671146211ee70e"
      url: "https://github.com/google/flutter-desktop-embedding.git"
    source: git
    version: "0.0.2+1"
  file_selector_platform_interface:
    dependency: transitive
    description:
      name: file_selector_platform_interface
      url: "https://pub.dartlang.org"
    source: hosted
    version: "2.0.4"
  file_selector_web:
    dependency: transitive
    description:
      name: file_selector_web
      url: "https://pub.dartlang.org"
    source: hosted
    version: "0.8.1+3"
  filepicker_windows:
    dependency: "direct main"
    description:
      name: filepicker_windows
      url: "https://pub.dartlang.org"
    source: hosted
    version: "2.0.1"
  fluentui_system_icons:
    dependency: "direct main"
    description:
      name: fluentui_system_icons
      url: "https://pub.dartlang.org"
    source: hosted
    version: "1.1.158"
  flutter:
    dependency: "direct main"
    description: flutter
    source: sdk
    version: "0.0.0"
  flutter_cache_manager:
    dependency: transitive
    description:
      name: flutter_cache_manager
      url: "https://pub.dartlang.org"
    source: hosted
    version: "3.3.0"
  flutter_lyric:
    dependency: "direct main"
    description:
      name: flutter_lyric
      url: "https://pub.dartlang.org"
    source: hosted
    version: "2.0.3"
  flutter_media_metadata:
    dependency: "direct main"
    description:
      path: "."
      ref: d9fe63b5f0641b6be2af87097c6221e454b02c3e
      resolved-ref: d9fe63b5f0641b6be2af87097c6221e454b02c3e
      url: "https://github.com/alexmercerind/flutter_media_metadata.git"
    source: git
    version: "0.1.2"
  flutter_platform_alert:
    dependency: "direct main"
    description:
      path: "."
      ref: b174a505c6c2c00bad973c2fc285e80d6a85cb7d
      resolved-ref: b174a505c6c2c00bad973c2fc285e80d6a85cb7d
      url: "https://github.com/alexmercerind/flutter_platform_alert.git"
    source: git
    version: "0.2.8"
  flutter_plugin_android_lifecycle:
    dependency: transitive
    description:
      name: flutter_plugin_android_lifecycle
      url: "https://pub.dartlang.org"
    source: hosted
    version: "2.0.5"
  flutter_web_plugins:
    dependency: transitive
    description: flutter
    source: sdk
    version: "0.0.0"
  flutter_window_close:
    dependency: "direct main"
    description:
      path: "."
      ref: b7aca98fbefd61f7bd77b9e05535ef808a24adec
      resolved-ref: b7aca98fbefd61f7bd77b9e05535ef808a24adec
      url: "https://github.com/alexmercerind/flutter_window_close.git"
    source: git
    version: "0.2.2"
  glob:
    dependency: transitive
    description:
      name: glob
      url: "https://pub.dartlang.org"
    source: hosted
    version: "2.0.2"
  harmonoid_visual_assets:
    dependency: "direct main"
    description:
      path: "external/harmonoid_visual_assets"
      relative: true
    source: path
    version: "1.0.0"
  hotkey_manager:
    dependency: "direct main"
    description:
      path: "."
      ref: main
      resolved-ref: bab9d3c47176be01c19f6947dd57afbf78eb8d28
      url: "https://github.com/alexmercerind/hotkey_manager.git"
    source: git
    version: "0.1.2"
  http:
    dependency: "direct main"
    description:
      name: http
      url: "https://pub.dartlang.org"
    source: hosted
    version: "0.13.4"
  http_client_helper:
    dependency: transitive
    description:
      name: http_client_helper
      url: "https://pub.dartlang.org"
    source: hosted
    version: "2.0.2"
  http_parser:
    dependency: transitive
    description:
      name: http_parser
      url: "https://pub.dartlang.org"
    source: hosted
    version: "4.0.0"
  implicitly_animated_reorderable_list:
    dependency: "direct main"
    description:
      name: implicitly_animated_reorderable_list
      url: "https://pub.dartlang.org"
    source: hosted
    version: "0.4.2"
  infinite_scroll_pagination:
    dependency: "direct main"
    description:
      name: infinite_scroll_pagination
      url: "https://pub.dartlang.org"
    source: hosted
    version: "3.1.0"
  injector:
    dependency: transitive
    description:
      name: injector
      url: "https://pub.dartlang.org"
    source: hosted
    version: "2.0.0"
  intl:
    dependency: transitive
    description:
      name: intl
      url: "https://pub.dartlang.org"
    source: hosted
    version: "0.17.0"
  js:
    dependency: transitive
    description:
      name: js
      url: "https://pub.dartlang.org"
    source: hosted
    version: "0.6.4"
  just_audio:
    dependency: "direct main"
    description:
      name: just_audio
      url: "https://pub.dartlang.org"
    source: hosted
    version: "0.9.28"
  just_audio_platform_interface:
    dependency: transitive
    description:
      name: just_audio_platform_interface
      url: "https://pub.dartlang.org"
    source: hosted
    version: "4.2.0"
  just_audio_web:
    dependency: transitive
    description:
      name: just_audio_web
      url: "https://pub.dartlang.org"
    source: hosted
    version: "0.4.7"
  known_extents_list_view_builder:
    dependency: "direct main"
    description:
      path: "."
      ref: HEAD
      resolved-ref: "078c6411768e1567c547abf3330d0857489a8792"
      url: "https://github.com/alexmercerind/known_extents_list_view_builder.git"
    source: git
    version: "1.1.0"
  libmpv:
    dependency: "direct main"
    description:
      path: "external/libmpv.dart"
      relative: true
    source: path
    version: "0.0.1"
  lints:
    dependency: "direct dev"
    description:
      name: lints
      url: "https://pub.dartlang.org"
    source: hosted
    version: "2.0.0"
  logging:
    dependency: transitive
    description:
      name: logging
      url: "https://pub.dartlang.org"
    source: hosted
    version: "1.0.2"
  matcher:
    dependency: transitive
    description:
      name: matcher
      url: "https://pub.dartlang.org"
    source: hosted
    version: "0.12.11"
  material_color_utilities:
    dependency: transitive
    description:
      name: material_color_utilities
      url: "https://pub.dartlang.org"
    source: hosted
    version: "0.1.5"
  material_floating_search_bar:
    dependency: "direct main"
    description:
      name: material_floating_search_bar
      url: "https://pub.dartlang.org"
    source: hosted
    version: "0.3.6"
  media_library:
    dependency: "direct main"
    description:
      path: "external/media_library"
      relative: true
    source: path
    version: "1.0.0"
  meta:
    dependency: transitive
    description:
      name: meta
      url: "https://pub.dartlang.org"
    source: hosted
    version: "1.8.0"
  mime:
    dependency: transitive
    description:
      name: mime
      url: "https://pub.dartlang.org"
    source: hosted
    version: "1.0.1"
  miniplayer:
    dependency: "direct main"
    description:
      path: "."
      ref: HEAD
      resolved-ref: fc4421729dd10230e040741eeee086d835576cdf
      url: "https://github.com/alexmercerind/miniplayer.git"
    source: git
    version: "1.0.1"
  mpris_service:
    dependency: "direct main"
    description:
      path: "external/mpris_service.dart"
      relative: true
    source: path
    version: "1.0.0"
  msix:
    dependency: "direct dev"
    description:
      path: "."
      ref: a2c15a8662dd346b2738ea89538179f532d4f437
      resolved-ref: a2c15a8662dd346b2738ea89538179f532d4f437
      url: "https://github.com/alexmercerind/msix.git"
    source: git
    version: "2.1.2"
  nested:
    dependency: transitive
    description:
      name: nested
      url: "https://pub.dartlang.org"
    source: hosted
    version: "1.0.0"
  package_config:
    dependency: transitive
    description:
      name: package_config
      url: "https://pub.dartlang.org"
    source: hosted
    version: "2.0.2"
  path:
    dependency: "direct main"
    description:
      name: path
      url: "https://pub.dartlang.org"
    source: hosted
    version: "1.8.2"
  path_provider:
    dependency: transitive
    description:
      name: path_provider
      url: "https://pub.dartlang.org"
    source: hosted
    version: "2.0.9"
  path_provider_android:
    dependency: transitive
    description:
      name: path_provider_android
      url: "https://pub.dartlang.org"
    source: hosted
    version: "2.0.11"
  path_provider_ios:
    dependency: transitive
    description:
      name: path_provider_ios
      url: "https://pub.dartlang.org"
    source: hosted
    version: "2.0.7"
  path_provider_linux:
    dependency: transitive
    description:
      name: path_provider_linux
      url: "https://pub.dartlang.org"
    source: hosted
    version: "2.1.5"
  path_provider_macos:
    dependency: transitive
    description:
      name: path_provider_macos
      url: "https://pub.dartlang.org"
    source: hosted
    version: "2.0.5"
  path_provider_platform_interface:
    dependency: transitive
    description:
      name: path_provider_platform_interface
      url: "https://pub.dartlang.org"
    source: hosted
    version: "2.0.3"
  path_provider_windows:
    dependency: transitive
    description:
      name: path_provider_windows
      url: "https://pub.dartlang.org"
    source: hosted
    version: "2.0.5"
  pedantic:
    dependency: transitive
    description:
      name: pedantic
      url: "https://pub.dartlang.org"
    source: hosted
    version: "1.11.1"
  permission_handler:
    dependency: "direct main"
    description:
      name: permission_handler
      url: "https://pub.dartlang.org"
    source: hosted
    version: "6.1.3"
  permission_handler_platform_interface:
    dependency: transitive
    description:
      name: permission_handler_platform_interface
      url: "https://pub.dartlang.org"
    source: hosted
    version: "3.7.0"
  petitparser:
    dependency: transitive
    description:
      name: petitparser
      url: "https://pub.dartlang.org"
    source: hosted
    version: "4.4.0"
  platform:
    dependency: "direct overridden"
    description:
      name: platform
      url: "https://pub.dartlang.org"
    source: hosted
    version: "3.1.0"
  plugin_platform_interface:
    dependency: transitive
    description:
      name: plugin_platform_interface
      url: "https://pub.dartlang.org"
    source: hosted
    version: "2.1.2"
  process:
    dependency: transitive
    description:
      name: process
      url: "https://pub.dartlang.org"
    source: hosted
    version: "4.2.4"
  provider:
    dependency: "direct main"
    description:
      name: provider
      url: "https://pub.dartlang.org"
    source: hosted
    version: "6.0.2"
  quiver:
    dependency: transitive
    description:
      name: quiver
      url: "https://pub.dartlang.org"
    source: hosted
    version: "3.0.1+1"
  readmore:
    dependency: "direct main"
    description:
      name: readmore
      url: "https://pub.dartlang.org"
    source: hosted
    version: "2.1.0"
  rxdart:
    dependency: transitive
    description:
      name: rxdart
      url: "https://pub.dartlang.org"
    source: hosted
    version: "0.27.3"
  safe_session_storage:
    dependency: "direct main"
    description:
      path: "external/safe_session_storage"
      relative: true
    source: path
    version: "0.0.1"
  screen_retriever:
    dependency: transitive
    description:
      name: screen_retriever
      url: "https://pub.dartlang.org"
    source: hosted
    version: "0.1.2"
  share_plus:
    dependency: "direct main"
    description:
      name: share_plus
      url: "https://pub.dartlang.org"
    source: hosted
    version: "2.2.0"
  share_plus_linux:
    dependency: transitive
    description:
      name: share_plus_linux
      url: "https://pub.dartlang.org"
    source: hosted
    version: "2.0.4"
  share_plus_macos:
    dependency: transitive
    description:
      name: share_plus_macos
      url: "https://pub.dartlang.org"
    source: hosted
    version: "2.0.2"
  share_plus_platform_interface:
    dependency: transitive
    description:
      name: share_plus_platform_interface
      url: "https://pub.dartlang.org"
    source: hosted
    version: "2.0.1"
  share_plus_web:
    dependency: transitive
    description:
      name: share_plus_web
      url: "https://pub.dartlang.org"
    source: hosted
    version: "2.0.4"
  share_plus_windows:
    dependency: transitive
    description:
      name: share_plus_windows
      url: "https://pub.dartlang.org"
    source: hosted
    version: "2.0.3"
  sky_engine:
    dependency: transitive
    description: flutter
    source: sdk
    version: "0.0.99"
  sliver_tools:
    dependency: transitive
    description:
      name: sliver_tools
      url: "https://pub.dartlang.org"
    source: hosted
    version: "0.2.7"
  source_span:
    dependency: transitive
    description:
      name: source_span
      url: "https://pub.dartlang.org"
    source: hosted
    version: "1.8.1"
  sqflite:
    dependency: transitive
    description:
      name: sqflite
      url: "https://pub.dartlang.org"
    source: hosted
    version: "2.0.3"
  sqflite_common:
    dependency: transitive
    description:
      name: sqflite_common
      url: "https://pub.dartlang.org"
    source: hosted
    version: "2.2.1+1"
  stack_trace:
    dependency: transitive
    description:
      name: stack_trace
      url: "https://pub.dartlang.org"
    source: hosted
    version: "1.10.0"
  string_scanner:
    dependency: transitive
    description:
      name: string_scanner
      url: "https://pub.dartlang.org"
    source: hosted
    version: "1.1.0"
  substring_highlight:
    dependency: "direct main"
    description:
      name: substring_highlight
      url: "https://pub.dartlang.org"
    source: hosted
    version: "1.0.33"
  synchronized:
    dependency: "direct main"
    description:
      name: synchronized
      url: "https://pub.dartlang.org"
    source: hosted
    version: "3.0.0+2"
  system_media_transport_controls:
    dependency: "direct main"
    description:
      path: "external/smtc-win32/bindings/system_media_transport_controls.dart"
      relative: true
    source: path
    version: "0.0.1"
  term_glyph:
    dependency: transitive
    description:
      name: term_glyph
      url: "https://pub.dartlang.org"
    source: hosted
    version: "1.2.0"
  typed_data:
    dependency: transitive
    description:
      name: typed_data
      url: "https://pub.dartlang.org"
    source: hosted
    version: "1.3.0"
  url_launcher:
    dependency: "direct main"
    description:
      name: url_launcher
      url: "https://pub.dartlang.org"
    source: hosted
    version: "6.1.5"
  url_launcher_android:
    dependency: transitive
    description:
      name: url_launcher_android
      url: "https://pub.dartlang.org"
    source: hosted
    version: "6.0.15"
  url_launcher_ios:
    dependency: transitive
    description:
      name: url_launcher_ios
      url: "https://pub.dartlang.org"
    source: hosted
    version: "6.0.15"
  url_launcher_linux:
    dependency: transitive
    description:
      name: url_launcher_linux
      url: "https://pub.dartlang.org"
    source: hosted
    version: "3.0.0"
  url_launcher_macos:
    dependency: transitive
    description:
      name: url_launcher_macos
      url: "https://pub.dartlang.org"
    source: hosted
    version: "3.0.0"
  url_launcher_platform_interface:
    dependency: transitive
    description:
      name: url_launcher_platform_interface
      url: "https://pub.dartlang.org"
    source: hosted
    version: "2.1.0"
  url_launcher_web:
    dependency: transitive
    description:
      name: url_launcher_web
      url: "https://pub.dartlang.org"
    source: hosted
    version: "2.0.8"
  url_launcher_windows:
    dependency: transitive
    description:
      name: url_launcher_windows
      url: "https://pub.dartlang.org"
    source: hosted
    version: "3.0.0"
  uuid:
    dependency: "direct main"
    description:
      name: uuid
      url: "https://pub.dartlang.org"
    source: hosted
    version: "3.0.6"
  vector_math:
    dependency: transitive
    description:
      name: vector_math
      url: "https://pub.dartlang.org"
    source: hosted
    version: "2.1.2"
  win32:
    dependency: transitive
    description:
      name: win32
      url: "https://pub.dartlang.org"
    source: hosted
    version: "2.3.10"
  window_manager:
    dependency: "direct main"
    description:
      path: "."
      ref: main
      resolved-ref: bd47920836a580c39431c4154a0d79e7d0232951
      url: "https://github.com/harmonoid/window_manager.git"
    source: git
    version: "0.2.5"
  windows_taskbar:
    dependency: "direct main"
    description:
      path: "."
      ref: master
      resolved-ref: "61ba88884caf85413dda646f12506c452a98bea8"
      url: "https://github.com/alexmercerind/windows_taskbar.git"
    source: git
    version: "1.1.0+1"
  xdg_directories:
    dependency: transitive
    description:
      name: xdg_directories
      url: "https://pub.dartlang.org"
    source: hosted
    version: "0.2.0+1"
  xml:
    dependency: transitive
    description:
      name: xml
      url: "https://pub.dartlang.org"
    source: hosted
    version: "5.3.1"
  yaml:
    dependency: transitive
    description:
      name: yaml
      url: "https://pub.dartlang.org"
    source: hosted
    version: "3.1.0"
  ytm_client:
    dependency: "direct main"
    description:
      path: "external/ytm_client.dart"
      relative: true
    source: path
    version: "0.0.1"
sdks:
  dart: ">=2.19.0-31.0.dev <3.0.0"
  flutter: ">=3.0.0"
