PODS:
  - audio_service (0.14.1):
    - FlutterMacOS
  - audio_session (0.0.1):
    - FlutterMacOS
  - awesome_notifications (0.0.1):
    - FlutterMacOS
  - dynamic_color (0.0.2):
    - FlutterMacOS
  - flutter_discord_rpc (0.0.1):
    - FlutterMacOS
  - FlutterMacOS (1.0.0)
  - media_kit_libs_macos_audio (1.0.4):
    - FlutterMacOS
  - path_provider_foundation (0.0.1):
    - Flutter
    - FlutterMacOS
  - share_plus_macos (0.0.1):
    - FlutterMacOS
  - sqflite (0.0.3):
    - Flutter
    - FlutterMacOS
  - "sqlite3 (3.46.1+1)":
    - "sqlite3/common (= 3.46.1+1)"
  - "sqlite3/common (3.46.1+1)"
  - "sqlite3/dbstatvtab (3.46.1+1)":
    - sqlite3/common
  - "sqlite3/fts5 (3.46.1+1)":
    - sqlite3/common
  - "sqlite3/perf-threadsafe (3.46.1+1)":
    - sqlite3/common
  - "sqlite3/rtree (3.46.1+1)":
    - sqlite3/common
  - sqlite3_flutter_libs (0.0.1):
    - FlutterMacOS
    - "sqlite3 (~> 3.46.0+1)"
    - sqlite3/dbstatvtab
    - sqlite3/fts5
    - sqlite3/perf-threadsafe
    - sqlite3/rtree
  - url_launcher_macos (0.0.1):
    - FlutterMacOS
  - window_plus (0.0.1):
    - FlutterMacOS

DEPENDENCIES:
  - audio_service (from `Flutter/ephemeral/.symlinks/plugins/audio_service/macos`)
  - audio_session (from `Flutter/ephemeral/.symlinks/plugins/audio_session/macos`)
  - awesome_notifications (from `Flutter/ephemeral/.symlinks/plugins/awesome_notifications/macos`)
  - dynamic_color (from `Flutter/ephemeral/.symlinks/plugins/dynamic_color/macos`)
  - flutter_discord_rpc (from `Flutter/ephemeral/.symlinks/plugins/flutter_discord_rpc/macos`)
  - FlutterMacOS (from `Flutter/ephemeral`)
  - media_kit_libs_macos_audio (from `Flutter/ephemeral/.symlinks/plugins/media_kit_libs_macos_audio/macos`)
  - path_provider_foundation (from `Flutter/ephemeral/.symlinks/plugins/path_provider_foundation/darwin`)
  - share_plus_macos (from `Flutter/ephemeral/.symlinks/plugins/share_plus_macos/macos`)
  - sqflite (from `Flutter/ephemeral/.symlinks/plugins/sqflite/darwin`)
  - sqlite3_flutter_libs (from `Flutter/ephemeral/.symlinks/plugins/sqlite3_flutter_libs/macos`)
  - url_launcher_macos (from `Flutter/ephemeral/.symlinks/plugins/url_launcher_macos/macos`)
  - window_plus (from `Flutter/ephemeral/.symlinks/plugins/window_plus/macos`)

SPEC REPOS:
  trunk:
    - sqlite3

EXTERNAL SOURCES:
  audio_service:
    :path: Flutter/ephemeral/.symlinks/plugins/audio_service/macos
  audio_session:
    :path: Flutter/ephemeral/.symlinks/plugins/audio_session/macos
  awesome_notifications:
    :path: Flutter/ephemeral/.symlinks/plugins/awesome_notifications/macos
  dynamic_color:
    :path: Flutter/ephemeral/.symlinks/plugins/dynamic_color/macos
  flutter_discord_rpc:
    :path: Flutter/ephemeral/.symlinks/plugins/flutter_discord_rpc/macos
  FlutterMacOS:
    :path: Flutter/ephemeral
  media_kit_libs_macos_audio:
    :path: Flutter/ephemeral/.symlinks/plugins/media_kit_libs_macos_audio/macos
  path_provider_foundation:
    :path: Flutter/ephemeral/.symlinks/plugins/path_provider_foundation/darwin
  share_plus_macos:
    :path: Flutter/ephemeral/.symlinks/plugins/share_plus_macos/macos
  sqflite:
    :path: Flutter/ephemeral/.symlinks/plugins/sqflite/darwin
  sqlite3_flutter_libs:
    :path: Flutter/ephemeral/.symlinks/plugins/sqlite3_flutter_libs/macos
  url_launcher_macos:
    :path: Flutter/ephemeral/.symlinks/plugins/url_launcher_macos/macos
  window_plus:
    :path: Flutter/ephemeral/.symlinks/plugins/window_plus/macos

SPEC CHECKSUMS:
  audio_service: b88ff778e0e3915efd4cd1a5ad6f0beef0c950a9
  audio_session: dea1f41890dbf1718f04a56f1d6150fd50039b72
  awesome_notifications: 428f5c15a700b117418aed09e29c21c5806fcf69
  dynamic_color: 2eaa27267de1ca20d879fbd6e01259773fb1670f
  flutter_discord_rpc: 67a7c10ea24d9d3bf35d01af643f48fbcfa7c24f
  FlutterMacOS: 8f6f14fa908a6fb3fba0cd85dbd81ec4b251fb24
  media_kit_libs_macos_audio: 3871782a4f3f84c77f04d7666c87800a781c24da
  path_provider_foundation: 2b6b4c569c0fb62ec74538f866245ac84301af46
  share_plus_macos: 853ee48e7dce06b633998ca0735d482dd671ade4
  sqflite: 673a0e54cc04b7d6dba8d24fb8095b31c3a99eec
  sqlite3: 0bb0e6389d824e40296f531b858a2a0b71c0d2fb
  sqlite3_flutter_libs: 5ca46c1a04eddfbeeb5b16566164aa7ad1616e7b
  url_launcher_macos: 5f437abeda8c85500ceb03f5c1938a8c5a705399
  window_plus: df2d9cf964ef27d0aac7420ebd7bab7b8f33f5b8

PODFILE CHECKSUM: 236401fc2c932af29a9fcf0e97baeeb2d750d367

COCOAPODS: 1.15.2
