PODS:
  - Flutter (1.0.0)
  - flutter_discord_rpc (0.0.1):
    - Flutter

DEPENDENCIES:
  - Flutter (from `Flutter`)
  - flutter_discord_rpc (from `.symlinks/plugins/flutter_discord_rpc/ios`)

EXTERNAL SOURCES:
  Flutter:
    :path: Flutter
  flutter_discord_rpc:
    :path: ".symlinks/plugins/flutter_discord_rpc/ios"

SPEC CHECKSUMS:
  Flutter: cabc95a1d2626b1b06e7179b784ebcf0c0cde467
  flutter_discord_rpc: 0572e8227ea730c5afe5876a37c08c728ce95f3a

PODFILE CHECKSUM: d71a8f9d234bf288cee64b372c30c196c8075224

COCOAPODS: 1.16.2
